// !$*UTF8*$!
{
	archiveVersion = 1;
	classes = {
	};
	objectVersion = 48;
	objects = {

/* Begin PBXBuildFile section */
		050397641DB5C8FA00D82B3D /* TransactionListViewController.swift in Sources */ = {isa = PBXBuildFile; fileRef = 050397631DB5C8FA00D82B3D /* TransactionListViewController.swift */; };
		050411111DC1B2F9005D1EBB /* WeekHeaderView.xib in Resources */ = {isa = PBXBuildFile; fileRef = 050411101DC1B2F9005D1EBB /* WeekHeaderView.xib */; };
		050411131DC1B405005D1EBB /* WeekHeaderView.swift in Sources */ = {isa = PBXBuildFile; fileRef = 050411121DC1B405005D1EBB /* WeekHeaderView.swift */; };
		0510CD841DDDA7700008029A /* AccountantTests.swift in Sources */ = {isa = PBXBuildFile; fileRef = 0510CD831DDDA7700008029A /* AccountantTests.swift */; };
		0510CD871DDDA8720008029A /* Accountant.swift in Sources */ = {isa = PBXBuildFile; fileRef = 0510CD861DDDA8720008029A /* Accountant.swift */; };
		0510E4E61DC9A903002EE2F2 /* UIStoryboard.swift in Sources */ = {isa = PBXBuildFile; fileRef = 0510E4E51DC9A903002EE2F2 /* UIStoryboard.swift */; };
		051BAA591DCDE263008474BA /* CollapsingViewControllerAnimatedTransitioning.swift in Sources */ = {isa = PBXBuildFile; fileRef = 051BAA581DCDE263008474BA /* CollapsingViewControllerAnimatedTransitioning.swift */; };
		05228ED01DBDC9D9008403B2 /* NavigationBar+Transparent.swift in Sources */ = {isa = PBXBuildFile; fileRef = 05228ECF1DBDC9D9008403B2 /* NavigationBar+Transparent.swift */; };
		053593B11DB37ACB00A7B508 /* AppDelegate.swift in Sources */ = {isa = PBXBuildFile; fileRef = 053593B01DB37ACB00A7B508 /* AppDelegate.swift */; };
		053593B61DB37ACB00A7B508 /* Main.storyboard in Resources */ = {isa = PBXBuildFile; fileRef = 053593B41DB37ACB00A7B508 /* Main.storyboard */; };
		053593B81DB37ACB00A7B508 /* Assets.xcassets in Resources */ = {isa = PBXBuildFile; fileRef = 053593B71DB37ACB00A7B508 /* Assets.xcassets */; };
		053593BB1DB37ACB00A7B508 /* LaunchScreen.storyboard in Resources */ = {isa = PBXBuildFile; fileRef = 053593B91DB37ACB00A7B508 /* LaunchScreen.storyboard */; };
		053593D11DB37ACB00A7B508 /* JodTungUITests.swift in Sources */ = {isa = PBXBuildFile; fileRef = 053593D01DB37ACB00A7B508 /* JodTungUITests.swift */; };
		053E0C7C1DB5D95000E0B9FC /* Pods_JodTung.framework in Frameworks */ = {isa = PBXBuildFile; fileRef = 053E0C7B1DB5D95000E0B9FC /* Pods_JodTung.framework */; };
		053E0C7E1DB606C000E0B9FC /* DayCellView.xib in Resources */ = {isa = PBXBuildFile; fileRef = 053E0C7D1DB606C000E0B9FC /* DayCellView.xib */; };
		053E0C801DB6070700E0B9FC /* DayCellView.swift in Sources */ = {isa = PBXBuildFile; fileRef = 053E0C7F1DB6070700E0B9FC /* DayCellView.swift */; };
		053E0C831DB61D5700E0B9FC /* MonthSectionHeaderView.swift in Sources */ = {isa = PBXBuildFile; fileRef = 053E0C821DB61D5700E0B9FC /* MonthSectionHeaderView.swift */; };
		053E0C851DB6203000E0B9FC /* MonthSectionHeaderView.xib in Resources */ = {isa = PBXBuildFile; fileRef = 053E0C841DB6203000E0B9FC /* MonthSectionHeaderView.xib */; };
		056246601DD9CBD000FB6C92 /* TransactionType.swift in Sources */ = {isa = PBXBuildFile; fileRef = 0562465F1DD9CBD000FB6C92 /* TransactionType.swift */; };
		05709CEE1DC89F9E00EADFD9 /* CalendarViewController.swift in Sources */ = {isa = PBXBuildFile; fileRef = 05709CED1DC89F9E00EADFD9 /* CalendarViewController.swift */; };
		058472501DD3230700843C55 /* Category+CoreDataClass.swift in Sources */ = {isa = PBXBuildFile; fileRef = 0584724A1DD3230700843C55 /* Category+CoreDataClass.swift */; };
		058472511DD3230700843C55 /* Category+CoreDataProperties.swift in Sources */ = {isa = PBXBuildFile; fileRef = 0584724B1DD3230700843C55 /* Category+CoreDataProperties.swift */; };
		058472521DD3230700843C55 /* Transaction+CoreDataClass.swift in Sources */ = {isa = PBXBuildFile; fileRef = 0584724C1DD3230700843C55 /* Transaction+CoreDataClass.swift */; };
		058472531DD3230700843C55 /* Transaction+CoreDataProperties.swift in Sources */ = {isa = PBXBuildFile; fileRef = 0584724D1DD3230700843C55 /* Transaction+CoreDataProperties.swift */; };
		058472541DD3230700843C55 /* CategoryGroup+CoreDataClass.swift in Sources */ = {isa = PBXBuildFile; fileRef = 0584724E1DD3230700843C55 /* CategoryGroup+CoreDataClass.swift */; };
		058472551DD3230700843C55 /* CategoryGroup+CoreDataProperties.swift in Sources */ = {isa = PBXBuildFile; fileRef = 0584724F1DD3230700843C55 /* CategoryGroup+CoreDataProperties.swift */; };
		058723DA1DC0A2A800FEF676 /* ShadowedBlurVisualEffectView.swift in Sources */ = {isa = PBXBuildFile; fileRef = 058723D91DC0A2A800FEF676 /* ShadowedBlurVisualEffectView.swift */; };
		058723DC1DC0A2E900FEF676 /* ShadowedBlurVisualEffectView.xib in Resources */ = {isa = PBXBuildFile; fileRef = 058723DB1DC0A2E900FEF676 /* ShadowedBlurVisualEffectView.xib */; };
		05A0DE0C1DE0908C00B4E04B /* StackPresentationController.swift in Sources */ = {isa = PBXBuildFile; fileRef = 05A0DE0B1DE0908C00B4E04B /* StackPresentationController.swift */; };
		05A3D5131DE3FC100086DA5C /* UIViewController+ContentViewController.swift in Sources */ = {isa = PBXBuildFile; fileRef = 05A3D5121DE3FC100086DA5C /* UIViewController+ContentViewController.swift */; };
		05A3D5151DE400CE0086DA5C /* CategoryGroupCollectionViewCell.swift in Sources */ = {isa = PBXBuildFile; fileRef = 05A3D5141DE400CE0086DA5C /* CategoryGroupCollectionViewCell.swift */; };
		05A3D51A1DE40A7D0086DA5C /* CategoryCollectionViewCell.swift in Sources */ = {isa = PBXBuildFile; fileRef = 05A3D5191DE40A7D0086DA5C /* CategoryCollectionViewCell.swift */; };
		05CFA4BE1DD6093F003FEA0A /* DataStorage.swift in Sources */ = {isa = PBXBuildFile; fileRef = 05CFA4BD1DD6093F003FEA0A /* DataStorage.swift */; };
		05CFFD811DC74C0000BC1DB8 /* CalendarNavigationController.swift in Sources */ = {isa = PBXBuildFile; fileRef = 05CFFD801DC74C0000BC1DB8 /* CalendarNavigationController.swift */; };
		05EA02B21DD31E5A00E9A498 /* Models.xcdatamodeld in Sources */ = {isa = PBXBuildFile; fileRef = 05EA02B01DD31E5A00E9A498 /* Models.xcdatamodeld */; };
		05EB3BEC1DB7198500E84B45 /* RoundedLabel.swift in Sources */ = {isa = PBXBuildFile; fileRef = 05EB3BEB1DB7198500E84B45 /* RoundedLabel.swift */; };
		05F545591DC0677A00045E7E /* View+HairlineShadow.swift in Sources */ = {isa = PBXBuildFile; fileRef = 05F545581DC0677A00045E7E /* View+HairlineShadow.swift */; };
		05F7E0BD1DDE9DFD00379902 /* DataStorageTests.swift in Sources */ = {isa = PBXBuildFile; fileRef = 05F7E0BC1DDE9DFD00379902 /* DataStorageTests.swift */; };
		05F7E0BF1DDE9FC700379902 /* AccountBootstrapFactory.swift in Sources */ = {isa = PBXBuildFile; fileRef = 05F7E0BE1DDE9FC700379902 /* AccountBootstrapFactory.swift */; };
		05F7E0C31DDEA1BA00379902 /* AccountBootstrapFactoryTests.swift in Sources */ = {isa = PBXBuildFile; fileRef = 05F7E0C21DDEA1BA00379902 /* AccountBootstrapFactoryTests.swift */; };
		05F7E0C51DDEB7E100379902 /* Int+Random.swift in Sources */ = {isa = PBXBuildFile; fileRef = 05F7E0C41DDEB7E100379902 /* Int+Random.swift */; };
		05F7E0C71DDEBB2A00379902 /* Array+RandomChild.swift in Sources */ = {isa = PBXBuildFile; fileRef = 05F7E0C61DDEBB2A00379902 /* Array+RandomChild.swift */; };
		05F917341DB8C9B70032F54C /* CalendarMonthViewController.swift in Sources */ = {isa = PBXBuildFile; fileRef = 05F917331DB8C9B70032F54C /* CalendarMonthViewController.swift */; };
		05FEA77A1DE0140000BD4252 /* TransactionViewCell.swift in Sources */ = {isa = PBXBuildFile; fileRef = 05FEA7791DE0140000BD4252 /* TransactionViewCell.swift */; };
		05FEA77C1DE022DF00BD4252 /* ExtendedTable.swift in Sources */ = {isa = PBXBuildFile; fileRef = 05FEA77B1DE022DF00BD4252 /* ExtendedTable.swift */; };
		05FEA77F1DE0516400BD4252 /* StackViewControllerAnimatedTransitioning.swift in Sources */ = {isa = PBXBuildFile; fileRef = 05FEA77E1DE0516400BD4252 /* StackViewControllerAnimatedTransitioning.swift */; };
		05FEA7811DE0591400BD4252 /* TransactionInfoViewController.swift in Sources */ = {isa = PBXBuildFile; fileRef = 05FEA7801DE0591400BD4252 /* TransactionInfoViewController.swift */; };
		3504535878364C61A7DBBD19 /* Pods_JodTungUITests.framework in Frameworks */ = {isa = PBXBuildFile; fileRef = AC784598F3A0F28DF1889C3C /* Pods_JodTungUITests.framework */; };
		A0F7A450DE09F34F0ABCA0DE /* Pods_JodTung.framework in Frameworks */ = {isa = PBXBuildFile; fileRef = F3454CB1778743E68FE708C0 /* Pods_JodTung.framework */; };
		AE7917D198EB799B7C5F54D0 /* Pods_JodTungTests.framework in Frameworks */ = {isa = PBXBuildFile; fileRef = A2CE8A49E32E494B0C62D506 /* Pods_JodTungTests.framework */; };
		D732C0F91DEBFC3E0090EFF5 /* CategoryPickerView.swift in Sources */ = {isa = PBXBuildFile; fileRef = D732C0F81DEBFC3E0090EFF5 /* CategoryPickerView.swift */; };
		D732C0FB1DEC0D2A0090EFF5 /* CategoryPickerView.xib in Resources */ = {isa = PBXBuildFile; fileRef = D732C0FA1DEC0D2A0090EFF5 /* CategoryPickerView.xib */; };
		D732C0FD1DEC0DE70090EFF5 /* StoryboardView.swift in Sources */ = {isa = PBXBuildFile; fileRef = D732C0FC1DEC0DE70090EFF5 /* StoryboardView.swift */; };
		D732C1001DEC1BA50090EFF5 /* CategoryGroupCollectionViewCell.xib in Resources */ = {isa = PBXBuildFile; fileRef = D732C0FF1DEC1BA50090EFF5 /* CategoryGroupCollectionViewCell.xib */; };
		D732C1021DEC1D9E0090EFF5 /* CategoryCollectionViewCell.xib in Resources */ = {isa = PBXBuildFile; fileRef = D732C1011DEC1D9E0090EFF5 /* CategoryCollectionViewCell.xib */; };
		D732C1421DEC4BC10090EFF5 /* CalendarWeekView.swift in Sources */ = {isa = PBXBuildFile; fileRef = D732C1411DEC4BC10090EFF5 /* CalendarWeekView.swift */; };
		D732C1441DEC4CF90090EFF5 /* CalendarWeekView.xib in Resources */ = {isa = PBXBuildFile; fileRef = D732C1431DEC4CF90090EFF5 /* CalendarWeekView.xib */; };
		D776DE001DEEB8DF008F4DC4 /* CategoryGroupCollectionView.swift in Sources */ = {isa = PBXBuildFile; fileRef = D776DDFF1DEEB8DF008F4DC4 /* CategoryGroupCollectionView.swift */; };
		D776DE021DEEC7F9008F4DC4 /* CategoryCollectionView.swift in Sources */ = {isa = PBXBuildFile; fileRef = D776DE011DEEC7F9008F4DC4 /* CategoryCollectionView.swift */; };
		D77762081DEDC2E70074CEA0 /* Line.swift in Sources */ = {isa = PBXBuildFile; fileRef = D77762071DEDC2E70074CEA0 /* Line.swift */; };
		D7E10D221DED737E00EF30BB /* CalendarMonthViewControllerPresenter.swift in Sources */ = {isa = PBXBuildFile; fileRef = D7E10D211DED737E00EF30BB /* CalendarMonthViewControllerPresenter.swift */; };
		D7E10D241DED7B5500EF30BB /* TransactionListViewControllerPresenter.swift in Sources */ = {isa = PBXBuildFile; fileRef = D7E10D231DED7B5500EF30BB /* TransactionListViewControllerPresenter.swift */; };
/* End PBXBuildFile section */

/* Begin PBXContainerItemProxy section */
		053593C21DB37ACB00A7B508 /* PBXContainerItemProxy */ = {
			isa = PBXContainerItemProxy;
			containerPortal = 053593A51DB37ACB00A7B508 /* Project object */;
			proxyType = 1;
			remoteGlobalIDString = 053593AC1DB37ACB00A7B508;
			remoteInfo = JodTung;
		};
		053593CD1DB37ACB00A7B508 /* PBXContainerItemProxy */ = {
			isa = PBXContainerItemProxy;
			containerPortal = 053593A51DB37ACB00A7B508 /* Project object */;
			proxyType = 1;
			remoteGlobalIDString = 053593AC1DB37ACB00A7B508;
			remoteInfo = JodTung;
		};
/* End PBXContainerItemProxy section */

/* Begin PBXCopyFilesBuildPhase section */
		0511C8371DD32F9F00457387 /* Embed Frameworks */ = {
			isa = PBXCopyFilesBuildPhase;
			buildActionMask = 2147483647;
			dstPath = "";
			dstSubfolderSpec = 10;
			files = (
			);
			name = "Embed Frameworks";
			runOnlyForDeploymentPostprocessing = 0;
		};
/* End PBXCopyFilesBuildPhase section */

/* Begin PBXFileReference section */
		017BB3DE55D7643175D6F816 /* Pods-JodTungUITests.release.xcconfig */ = {isa = PBXFileReference; includeInIndex = 1; lastKnownFileType = text.xcconfig; name = "Pods-JodTungUITests.release.xcconfig"; path = "Pods/Target Support Files/Pods-JodTungUITests/Pods-JodTungUITests.release.xcconfig"; sourceTree = "<group>"; };
		050397631DB5C8FA00D82B3D /* TransactionListViewController.swift */ = {isa = PBXFileReference; fileEncoding = 4; lastKnownFileType = sourcecode.swift; path = TransactionListViewController.swift; sourceTree = "<group>"; };
		050411101DC1B2F9005D1EBB /* WeekHeaderView.xib */ = {isa = PBXFileReference; fileEncoding = 4; lastKnownFileType = file.xib; path = WeekHeaderView.xib; sourceTree = "<group>"; };
		050411121DC1B405005D1EBB /* WeekHeaderView.swift */ = {isa = PBXFileReference; fileEncoding = 4; lastKnownFileType = sourcecode.swift; path = WeekHeaderView.swift; sourceTree = "<group>"; };
		0510CD831DDDA7700008029A /* AccountantTests.swift */ = {isa = PBXFileReference; fileEncoding = 4; lastKnownFileType = sourcecode.swift; path = AccountantTests.swift; sourceTree = "<group>"; };
		0510CD861DDDA8720008029A /* Accountant.swift */ = {isa = PBXFileReference; fileEncoding = 4; lastKnownFileType = sourcecode.swift; path = Accountant.swift; sourceTree = "<group>"; };
		0510E4E51DC9A903002EE2F2 /* UIStoryboard.swift */ = {isa = PBXFileReference; fileEncoding = 4; lastKnownFileType = sourcecode.swift; path = UIStoryboard.swift; sourceTree = "<group>"; };
		051BAA581DCDE263008474BA /* CollapsingViewControllerAnimatedTransitioning.swift */ = {isa = PBXFileReference; fileEncoding = 4; lastKnownFileType = sourcecode.swift; path = CollapsingViewControllerAnimatedTransitioning.swift; sourceTree = "<group>"; };
		05228ECF1DBDC9D9008403B2 /* NavigationBar+Transparent.swift */ = {isa = PBXFileReference; fileEncoding = 4; lastKnownFileType = sourcecode.swift; path = "NavigationBar+Transparent.swift"; sourceTree = "<group>"; };
		053593AD1DB37ACB00A7B508 /* JodTung.app */ = {isa = PBXFileReference; explicitFileType = wrapper.application; includeInIndex = 0; path = JodTung.app; sourceTree = BUILT_PRODUCTS_DIR; };
		053593B01DB37ACB00A7B508 /* AppDelegate.swift */ = {isa = PBXFileReference; lastKnownFileType = sourcecode.swift; path = AppDelegate.swift; sourceTree = "<group>"; };
		053593B51DB37ACB00A7B508 /* Base */ = {isa = PBXFileReference; lastKnownFileType = file.storyboard; name = Base; path = Base.lproj/Main.storyboard; sourceTree = "<group>"; };
		053593B71DB37ACB00A7B508 /* Assets.xcassets */ = {isa = PBXFileReference; lastKnownFileType = folder.assetcatalog; path = Assets.xcassets; sourceTree = "<group>"; };
		053593BA1DB37ACB00A7B508 /* Base */ = {isa = PBXFileReference; lastKnownFileType = file.storyboard; name = Base; path = Base.lproj/LaunchScreen.storyboard; sourceTree = "<group>"; };
		053593BC1DB37ACB00A7B508 /* Info.plist */ = {isa = PBXFileReference; lastKnownFileType = text.plist.xml; path = Info.plist; sourceTree = "<group>"; };
		053593C11DB37ACB00A7B508 /* JodTungTests.xctest */ = {isa = PBXFileReference; explicitFileType = wrapper.cfbundle; includeInIndex = 0; path = JodTungTests.xctest; sourceTree = BUILT_PRODUCTS_DIR; };
		053593C71DB37ACB00A7B508 /* Info.plist */ = {isa = PBXFileReference; lastKnownFileType = text.plist.xml; path = Info.plist; sourceTree = "<group>"; };
		053593CC1DB37ACB00A7B508 /* JodTungUITests.xctest */ = {isa = PBXFileReference; explicitFileType = wrapper.cfbundle; includeInIndex = 0; path = JodTungUITests.xctest; sourceTree = BUILT_PRODUCTS_DIR; };
		053593D01DB37ACB00A7B508 /* JodTungUITests.swift */ = {isa = PBXFileReference; lastKnownFileType = sourcecode.swift; path = JodTungUITests.swift; sourceTree = "<group>"; };
		053593D21DB37ACB00A7B508 /* Info.plist */ = {isa = PBXFileReference; lastKnownFileType = text.plist.xml; path = Info.plist; sourceTree = "<group>"; };
		053E0C7B1DB5D95000E0B9FC /* Pods_JodTung.framework */ = {isa = PBXFileReference; lastKnownFileType = wrapper.framework; name = Pods_JodTung.framework; path = "../../../Library/Developer/Xcode/DerivedData/JodTung-atoxqqjsykycvidwhvnbzrpzcjik/Build/Products/Debug-iphonesimulator/Pods_JodTung.framework"; sourceTree = "<group>"; };
		053E0C7D1DB606C000E0B9FC /* DayCellView.xib */ = {isa = PBXFileReference; fileEncoding = 4; lastKnownFileType = file.xib; path = DayCellView.xib; sourceTree = "<group>"; };
		053E0C7F1DB6070700E0B9FC /* DayCellView.swift */ = {isa = PBXFileReference; fileEncoding = 4; lastKnownFileType = sourcecode.swift; path = DayCellView.swift; sourceTree = "<group>"; };
		053E0C821DB61D5700E0B9FC /* MonthSectionHeaderView.swift */ = {isa = PBXFileReference; fileEncoding = 4; lastKnownFileType = sourcecode.swift; path = MonthSectionHeaderView.swift; sourceTree = "<group>"; };
		053E0C841DB6203000E0B9FC /* MonthSectionHeaderView.xib */ = {isa = PBXFileReference; fileEncoding = 4; lastKnownFileType = file.xib; path = MonthSectionHeaderView.xib; sourceTree = "<group>"; };
		0562465F1DD9CBD000FB6C92 /* TransactionType.swift */ = {isa = PBXFileReference; fileEncoding = 4; lastKnownFileType = sourcecode.swift; path = TransactionType.swift; sourceTree = "<group>"; };
		05709CED1DC89F9E00EADFD9 /* CalendarViewController.swift */ = {isa = PBXFileReference; fileEncoding = 4; lastKnownFileType = sourcecode.swift; path = CalendarViewController.swift; sourceTree = "<group>"; };
		0584724A1DD3230700843C55 /* Category+CoreDataClass.swift */ = {isa = PBXFileReference; fileEncoding = 4; lastKnownFileType = sourcecode.swift; path = "Category+CoreDataClass.swift"; sourceTree = "<group>"; };
		0584724B1DD3230700843C55 /* Category+CoreDataProperties.swift */ = {isa = PBXFileReference; fileEncoding = 4; lastKnownFileType = sourcecode.swift; path = "Category+CoreDataProperties.swift"; sourceTree = "<group>"; };
		0584724C1DD3230700843C55 /* Transaction+CoreDataClass.swift */ = {isa = PBXFileReference; fileEncoding = 4; lastKnownFileType = sourcecode.swift; path = "Transaction+CoreDataClass.swift"; sourceTree = "<group>"; };
		0584724D1DD3230700843C55 /* Transaction+CoreDataProperties.swift */ = {isa = PBXFileReference; fileEncoding = 4; lastKnownFileType = sourcecode.swift; path = "Transaction+CoreDataProperties.swift"; sourceTree = "<group>"; };
		0584724E1DD3230700843C55 /* CategoryGroup+CoreDataClass.swift */ = {isa = PBXFileReference; fileEncoding = 4; lastKnownFileType = sourcecode.swift; path = "CategoryGroup+CoreDataClass.swift"; sourceTree = "<group>"; };
		0584724F1DD3230700843C55 /* CategoryGroup+CoreDataProperties.swift */ = {isa = PBXFileReference; fileEncoding = 4; lastKnownFileType = sourcecode.swift; path = "CategoryGroup+CoreDataProperties.swift"; sourceTree = "<group>"; };
		058723D91DC0A2A800FEF676 /* ShadowedBlurVisualEffectView.swift */ = {isa = PBXFileReference; fileEncoding = 4; lastKnownFileType = sourcecode.swift; path = ShadowedBlurVisualEffectView.swift; sourceTree = "<group>"; };
		058723DB1DC0A2E900FEF676 /* ShadowedBlurVisualEffectView.xib */ = {isa = PBXFileReference; fileEncoding = 4; lastKnownFileType = file.xib; path = ShadowedBlurVisualEffectView.xib; sourceTree = "<group>"; };
		05A0DE0B1DE0908C00B4E04B /* StackPresentationController.swift */ = {isa = PBXFileReference; fileEncoding = 4; lastKnownFileType = sourcecode.swift; path = StackPresentationController.swift; sourceTree = "<group>"; };
		05A3D5121DE3FC100086DA5C /* UIViewController+ContentViewController.swift */ = {isa = PBXFileReference; fileEncoding = 4; lastKnownFileType = sourcecode.swift; path = "UIViewController+ContentViewController.swift"; sourceTree = "<group>"; };
		05A3D5141DE400CE0086DA5C /* CategoryGroupCollectionViewCell.swift */ = {isa = PBXFileReference; fileEncoding = 4; lastKnownFileType = sourcecode.swift; path = CategoryGroupCollectionViewCell.swift; sourceTree = "<group>"; };
		05A3D5191DE40A7D0086DA5C /* CategoryCollectionViewCell.swift */ = {isa = PBXFileReference; fileEncoding = 4; lastKnownFileType = sourcecode.swift; path = CategoryCollectionViewCell.swift; sourceTree = "<group>"; };
		05CFA4BD1DD6093F003FEA0A /* DataStorage.swift */ = {isa = PBXFileReference; fileEncoding = 4; lastKnownFileType = sourcecode.swift; path = DataStorage.swift; sourceTree = "<group>"; };
		05CFFD801DC74C0000BC1DB8 /* CalendarNavigationController.swift */ = {isa = PBXFileReference; fileEncoding = 4; lastKnownFileType = sourcecode.swift; path = CalendarNavigationController.swift; sourceTree = "<group>"; };
		05EA02B11DD31E5A00E9A498 /* Models.xcdatamodel */ = {isa = PBXFileReference; lastKnownFileType = wrapper.xcdatamodel; path = Models.xcdatamodel; sourceTree = "<group>"; };
		05EB3BEB1DB7198500E84B45 /* RoundedLabel.swift */ = {isa = PBXFileReference; fileEncoding = 4; lastKnownFileType = sourcecode.swift; path = RoundedLabel.swift; sourceTree = "<group>"; };
		05F545581DC0677A00045E7E /* View+HairlineShadow.swift */ = {isa = PBXFileReference; fileEncoding = 4; lastKnownFileType = sourcecode.swift; path = "View+HairlineShadow.swift"; sourceTree = "<group>"; };
		05F7E0BC1DDE9DFD00379902 /* DataStorageTests.swift */ = {isa = PBXFileReference; fileEncoding = 4; lastKnownFileType = sourcecode.swift; path = DataStorageTests.swift; sourceTree = "<group>"; };
		05F7E0BE1DDE9FC700379902 /* AccountBootstrapFactory.swift */ = {isa = PBXFileReference; fileEncoding = 4; lastKnownFileType = sourcecode.swift; path = AccountBootstrapFactory.swift; sourceTree = "<group>"; };
		05F7E0C21DDEA1BA00379902 /* AccountBootstrapFactoryTests.swift */ = {isa = PBXFileReference; fileEncoding = 4; lastKnownFileType = sourcecode.swift; path = AccountBootstrapFactoryTests.swift; sourceTree = "<group>"; };
		05F7E0C41DDEB7E100379902 /* Int+Random.swift */ = {isa = PBXFileReference; fileEncoding = 4; lastKnownFileType = sourcecode.swift; path = "Int+Random.swift"; sourceTree = "<group>"; };
		05F7E0C61DDEBB2A00379902 /* Array+RandomChild.swift */ = {isa = PBXFileReference; fileEncoding = 4; lastKnownFileType = sourcecode.swift; path = "Array+RandomChild.swift"; sourceTree = "<group>"; };
		05F917331DB8C9B70032F54C /* CalendarMonthViewController.swift */ = {isa = PBXFileReference; fileEncoding = 4; lastKnownFileType = sourcecode.swift; path = CalendarMonthViewController.swift; sourceTree = "<group>"; };
		05FEA7791DE0140000BD4252 /* TransactionViewCell.swift */ = {isa = PBXFileReference; fileEncoding = 4; lastKnownFileType = sourcecode.swift; path = TransactionViewCell.swift; sourceTree = "<group>"; };
		05FEA77B1DE022DF00BD4252 /* ExtendedTable.swift */ = {isa = PBXFileReference; fileEncoding = 4; lastKnownFileType = sourcecode.swift; path = ExtendedTable.swift; sourceTree = "<group>"; };
		05FEA77E1DE0516400BD4252 /* StackViewControllerAnimatedTransitioning.swift */ = {isa = PBXFileReference; fileEncoding = 4; lastKnownFileType = sourcecode.swift; path = StackViewControllerAnimatedTransitioning.swift; sourceTree = "<group>"; };
		05FEA7801DE0591400BD4252 /* TransactionInfoViewController.swift */ = {isa = PBXFileReference; fileEncoding = 4; lastKnownFileType = sourcecode.swift; path = TransactionInfoViewController.swift; sourceTree = "<group>"; };
		17FFAE9CC9E2EE658417E8F1 /* Pods-JodTung.release.xcconfig */ = {isa = PBXFileReference; includeInIndex = 1; lastKnownFileType = text.xcconfig; name = "Pods-JodTung.release.xcconfig"; path = "Pods/Target Support Files/Pods-JodTung/Pods-JodTung.release.xcconfig"; sourceTree = "<group>"; };
		686E2B6AB80DA2CF41321908 /* Pods-JodTungTests.debug.xcconfig */ = {isa = PBXFileReference; includeInIndex = 1; lastKnownFileType = text.xcconfig; name = "Pods-JodTungTests.debug.xcconfig"; path = "Pods/Target Support Files/Pods-JodTungTests/Pods-JodTungTests.debug.xcconfig"; sourceTree = "<group>"; };
		70F6336C014B95B64C5E2A8F /* Pods-JodTungUITests.debug.xcconfig */ = {isa = PBXFileReference; includeInIndex = 1; lastKnownFileType = text.xcconfig; name = "Pods-JodTungUITests.debug.xcconfig"; path = "Pods/Target Support Files/Pods-JodTungUITests/Pods-JodTungUITests.debug.xcconfig"; sourceTree = "<group>"; };
		9FF141CAB061E2853D1DBE22 /* Pods-JodTungTests.release.xcconfig */ = {isa = PBXFileReference; includeInIndex = 1; lastKnownFileType = text.xcconfig; name = "Pods-JodTungTests.release.xcconfig"; path = "Pods/Target Support Files/Pods-JodTungTests/Pods-JodTungTests.release.xcconfig"; sourceTree = "<group>"; };
		A2CE8A49E32E494B0C62D506 /* Pods_JodTungTests.framework */ = {isa = PBXFileReference; explicitFileType = wrapper.framework; includeInIndex = 0; path = Pods_JodTungTests.framework; sourceTree = BUILT_PRODUCTS_DIR; };
		AC784598F3A0F28DF1889C3C /* Pods_JodTungUITests.framework */ = {isa = PBXFileReference; explicitFileType = wrapper.framework; includeInIndex = 0; path = Pods_JodTungUITests.framework; sourceTree = BUILT_PRODUCTS_DIR; };
		D732C0F81DEBFC3E0090EFF5 /* CategoryPickerView.swift */ = {isa = PBXFileReference; fileEncoding = 4; lastKnownFileType = sourcecode.swift; path = CategoryPickerView.swift; sourceTree = "<group>"; };
		D732C0FA1DEC0D2A0090EFF5 /* CategoryPickerView.xib */ = {isa = PBXFileReference; fileEncoding = 4; lastKnownFileType = file.xib; path = CategoryPickerView.xib; sourceTree = "<group>"; };
		D732C0FC1DEC0DE70090EFF5 /* StoryboardView.swift */ = {isa = PBXFileReference; fileEncoding = 4; lastKnownFileType = sourcecode.swift; path = StoryboardView.swift; sourceTree = "<group>"; };
		D732C0FF1DEC1BA50090EFF5 /* CategoryGroupCollectionViewCell.xib */ = {isa = PBXFileReference; fileEncoding = 4; lastKnownFileType = file.xib; path = CategoryGroupCollectionViewCell.xib; sourceTree = "<group>"; };
		D732C1011DEC1D9E0090EFF5 /* CategoryCollectionViewCell.xib */ = {isa = PBXFileReference; fileEncoding = 4; lastKnownFileType = file.xib; path = CategoryCollectionViewCell.xib; sourceTree = "<group>"; };
		D732C1411DEC4BC10090EFF5 /* CalendarWeekView.swift */ = {isa = PBXFileReference; fileEncoding = 4; lastKnownFileType = sourcecode.swift; path = CalendarWeekView.swift; sourceTree = "<group>"; };
		D732C1431DEC4CF90090EFF5 /* CalendarWeekView.xib */ = {isa = PBXFileReference; fileEncoding = 4; lastKnownFileType = file.xib; path = CalendarWeekView.xib; sourceTree = "<group>"; };
		D776DDFF1DEEB8DF008F4DC4 /* CategoryGroupCollectionView.swift */ = {isa = PBXFileReference; fileEncoding = 4; lastKnownFileType = sourcecode.swift; path = CategoryGroupCollectionView.swift; sourceTree = "<group>"; };
		D776DE011DEEC7F9008F4DC4 /* CategoryCollectionView.swift */ = {isa = PBXFileReference; fileEncoding = 4; lastKnownFileType = sourcecode.swift; path = CategoryCollectionView.swift; sourceTree = "<group>"; };
		D77762071DEDC2E70074CEA0 /* Line.swift */ = {isa = PBXFileReference; fileEncoding = 4; lastKnownFileType = sourcecode.swift; path = Line.swift; sourceTree = "<group>"; };
		D7E10D211DED737E00EF30BB /* CalendarMonthViewControllerPresenter.swift */ = {isa = PBXFileReference; fileEncoding = 4; lastKnownFileType = sourcecode.swift; path = CalendarMonthViewControllerPresenter.swift; sourceTree = "<group>"; };
		D7E10D231DED7B5500EF30BB /* TransactionListViewControllerPresenter.swift */ = {isa = PBXFileReference; fileEncoding = 4; lastKnownFileType = sourcecode.swift; path = TransactionListViewControllerPresenter.swift; sourceTree = "<group>"; };
		EF90905546D6A4CA1CF85513 /* Pods-JodTung.debug.xcconfig */ = {isa = PBXFileReference; includeInIndex = 1; lastKnownFileType = text.xcconfig; name = "Pods-JodTung.debug.xcconfig"; path = "Pods/Target Support Files/Pods-JodTung/Pods-JodTung.debug.xcconfig"; sourceTree = "<group>"; };
		F3454CB1778743E68FE708C0 /* Pods_JodTung.framework */ = {isa = PBXFileReference; explicitFileType = wrapper.framework; includeInIndex = 0; path = Pods_JodTung.framework; sourceTree = BUILT_PRODUCTS_DIR; };
/* End PBXFileReference section */

/* Begin PBXFrameworksBuildPhase section */
		053593AA1DB37ACB00A7B508 /* Frameworks */ = {
			isa = PBXFrameworksBuildPhase;
			buildActionMask = 2147483647;
			files = (
				053E0C7C1DB5D95000E0B9FC /* Pods_JodTung.framework in Frameworks */,
				A0F7A450DE09F34F0ABCA0DE /* Pods_JodTung.framework in Frameworks */,
			);
			runOnlyForDeploymentPostprocessing = 0;
		};
		053593BE1DB37ACB00A7B508 /* Frameworks */ = {
			isa = PBXFrameworksBuildPhase;
			buildActionMask = 2147483647;
			files = (
				AE7917D198EB799B7C5F54D0 /* Pods_JodTungTests.framework in Frameworks */,
			);
			runOnlyForDeploymentPostprocessing = 0;
		};
		053593C91DB37ACB00A7B508 /* Frameworks */ = {
			isa = PBXFrameworksBuildPhase;
			buildActionMask = 2147483647;
			files = (
				3504535878364C61A7DBBD19 /* Pods_JodTungUITests.framework in Frameworks */,
			);
			runOnlyForDeploymentPostprocessing = 0;
		};
/* End PBXFrameworksBuildPhase section */

/* Begin PBXGroup section */
		050397611DB5C84C00D82B3D /* Scenes */ = {
			isa = PBXGroup;
			children = (
				053593B41DB37ACB00A7B508 /* Main.storyboard */,
				053593B01DB37ACB00A7B508 /* AppDelegate.swift */,
				050397621DB5C85C00D82B3D /* Txaction List */,
			);
			name = Scenes;
			sourceTree = "<group>";
		};
		050397621DB5C85C00D82B3D /* Txaction List */ = {
			isa = PBXGroup;
			children = (
				D7E10D201DED733B00EF30BB /* Presenters */,
				05709CEF1DC8A58500EADFD9 /* View Controllers */,
				053E0C811DB61A1300E0B9FC /* Views */,
			);
			name = "Txaction List";
			sourceTree = "<group>";
		};
		0504110D1DC1B1D2005D1EBB /* BlurVisualEffect + HairlineShadow */ = {
			isa = PBXGroup;
			children = (
				058723D91DC0A2A800FEF676 /* ShadowedBlurVisualEffectView.swift */,
				058723DB1DC0A2E900FEF676 /* ShadowedBlurVisualEffectView.xib */,
			);
			name = "BlurVisualEffect + HairlineShadow";
			sourceTree = "<group>";
		};
		0510CD851DDDA83D0008029A /* Application Frameworks */ = {
			isa = PBXGroup;
			children = (
				0510CD861DDDA8720008029A /* Accountant.swift */,
				05F7E0BE1DDE9FC700379902 /* AccountBootstrapFactory.swift */,
			);
			name = "Application Frameworks";
			sourceTree = "<group>";
		};
		053593A41DB37ACB00A7B508 = {
			isa = PBXGroup;
			children = (
				053593AF1DB37ACB00A7B508 /* JodTung */,
				053593C41DB37ACB00A7B508 /* JodTungTests */,
				053593CF1DB37ACB00A7B508 /* JodTungUITests */,
				053593AE1DB37ACB00A7B508 /* Products */,
				85532B54C4845C77F21D57E0 /* Pods */,
				3C43DD488267C2DB7735847E /* Frameworks */,
			);
			sourceTree = "<group>";
		};
		053593AE1DB37ACB00A7B508 /* Products */ = {
			isa = PBXGroup;
			children = (
				053593AD1DB37ACB00A7B508 /* JodTung.app */,
				053593C11DB37ACB00A7B508 /* JodTungTests.xctest */,
				053593CC1DB37ACB00A7B508 /* JodTungUITests.xctest */,
			);
			name = Products;
			sourceTree = "<group>";
		};
		053593AF1DB37ACB00A7B508 /* JodTung */ = {
			isa = PBXGroup;
			children = (
				0510CD851DDDA83D0008029A /* Application Frameworks */,
				05B9BA7E1DD34DCA00B604A9 /* Data Storage */,
				05EA02AF1DD31E0300E9A498 /* Models */,
				050397611DB5C84C00D82B3D /* Scenes */,
				05EB3BE81DB7194D00E84B45 /* Libraries */,
				053593DE1DB37AE500A7B508 /* Suppporting Files */,
			);
			path = JodTung;
			sourceTree = "<group>";
		};
		053593C41DB37ACB00A7B508 /* JodTungTests */ = {
			isa = PBXGroup;
			children = (
				0510CD831DDDA7700008029A /* AccountantTests.swift */,
				05F7E0C21DDEA1BA00379902 /* AccountBootstrapFactoryTests.swift */,
				05F7E0BC1DDE9DFD00379902 /* DataStorageTests.swift */,
				053593C71DB37ACB00A7B508 /* Info.plist */,
			);
			path = JodTungTests;
			sourceTree = "<group>";
		};
		053593CF1DB37ACB00A7B508 /* JodTungUITests */ = {
			isa = PBXGroup;
			children = (
				053593D01DB37ACB00A7B508 /* JodTungUITests.swift */,
				053593D21DB37ACB00A7B508 /* Info.plist */,
			);
			path = JodTungUITests;
			sourceTree = "<group>";
		};
		053593DE1DB37AE500A7B508 /* Suppporting Files */ = {
			isa = PBXGroup;
			children = (
				053593B71DB37ACB00A7B508 /* Assets.xcassets */,
				053593B91DB37ACB00A7B508 /* LaunchScreen.storyboard */,
				053593BC1DB37ACB00A7B508 /* Info.plist */,
			);
			name = "Suppporting Files";
			sourceTree = "<group>";
		};
		053E0C811DB61A1300E0B9FC /* Views */ = {
			isa = PBXGroup;
			children = (
				D732C1431DEC4CF90090EFF5 /* CalendarWeekView.xib */,
				D732C1411DEC4BC10090EFF5 /* CalendarWeekView.swift */,
				053E0C7D1DB606C000E0B9FC /* DayCellView.xib */,
				053E0C7F1DB6070700E0B9FC /* DayCellView.swift */,
				053E0C841DB6203000E0B9FC /* MonthSectionHeaderView.xib */,
				053E0C821DB61D5700E0B9FC /* MonthSectionHeaderView.swift */,
				050411101DC1B2F9005D1EBB /* WeekHeaderView.xib */,
				050411121DC1B405005D1EBB /* WeekHeaderView.swift */,
				05FEA7791DE0140000BD4252 /* TransactionViewCell.swift */,
				D732C0FE1DEC16510090EFF5 /* CategoryPickerView */,
			);
			name = Views;
			sourceTree = "<group>";
		};
		05709CEF1DC8A58500EADFD9 /* View Controllers */ = {
			isa = PBXGroup;
			children = (
				05709CED1DC89F9E00EADFD9 /* CalendarViewController.swift */,
				05CFFD801DC74C0000BC1DB8 /* CalendarNavigationController.swift */,
				05F917331DB8C9B70032F54C /* CalendarMonthViewController.swift */,
				050397631DB5C8FA00D82B3D /* TransactionListViewController.swift */,
				05FEA7801DE0591400BD4252 /* TransactionInfoViewController.swift */,
			);
			name = "View Controllers";
			sourceTree = "<group>";
		};
		05A0DE091DE0904000B4E04B /* Presentation Controllers */ = {
			isa = PBXGroup;
			children = (
				05FD1D5E1DE1630900736C1D /* Collapsing Presentation */,
				05A0DE0A1DE0905A00B4E04B /* Stack Presentation */,
			);
			name = "Presentation Controllers";
			sourceTree = "<group>";
		};
		05A0DE0A1DE0905A00B4E04B /* Stack Presentation */ = {
			isa = PBXGroup;
			children = (
				05FEA77E1DE0516400BD4252 /* StackViewControllerAnimatedTransitioning.swift */,
				05A0DE0B1DE0908C00B4E04B /* StackPresentationController.swift */,
			);
			name = "Stack Presentation";
			sourceTree = "<group>";
		};
		05B9BA7E1DD34DCA00B604A9 /* Data Storage */ = {
			isa = PBXGroup;
			children = (
				05CFA4BD1DD6093F003FEA0A /* DataStorage.swift */,
			);
			name = "Data Storage";
			sourceTree = "<group>";
		};
		05EA02AF1DD31E0300E9A498 /* Models */ = {
			isa = PBXGroup;
			children = (
				0562465F1DD9CBD000FB6C92 /* TransactionType.swift */,
				0584724C1DD3230700843C55 /* Transaction+CoreDataClass.swift */,
				0584724D1DD3230700843C55 /* Transaction+CoreDataProperties.swift */,
				0584724A1DD3230700843C55 /* Category+CoreDataClass.swift */,
				0584724B1DD3230700843C55 /* Category+CoreDataProperties.swift */,
				0584724E1DD3230700843C55 /* CategoryGroup+CoreDataClass.swift */,
				0584724F1DD3230700843C55 /* CategoryGroup+CoreDataProperties.swift */,
				05EA02B01DD31E5A00E9A498 /* Models.xcdatamodeld */,
			);
			name = Models;
			sourceTree = "<group>";
		};
		05EB3BE81DB7194D00E84B45 /* Libraries */ = {
			isa = PBXGroup;
			children = (
				05A0DE091DE0904000B4E04B /* Presentation Controllers */,
				05F545551DC0657D00045E7E /* Views */,
				05F7E0C41DDEB7E100379902 /* Int+Random.swift */,
				05F7E0C61DDEBB2A00379902 /* Array+RandomChild.swift */,
			);
			name = Libraries;
			sourceTree = "<group>";
		};
		05F545551DC0657D00045E7E /* Views */ = {
			isa = PBXGroup;
			children = (
				0504110D1DC1B1D2005D1EBB /* BlurVisualEffect + HairlineShadow */,
				05228ECF1DBDC9D9008403B2 /* NavigationBar+Transparent.swift */,
				05F545581DC0677A00045E7E /* View+HairlineShadow.swift */,
				05EB3BEB1DB7198500E84B45 /* RoundedLabel.swift */,
				0510E4E51DC9A903002EE2F2 /* UIStoryboard.swift */,
				05FEA77B1DE022DF00BD4252 /* ExtendedTable.swift */,
				05A3D5121DE3FC100086DA5C /* UIViewController+ContentViewController.swift */,
				D732C0FC1DEC0DE70090EFF5 /* StoryboardView.swift */,
				D77762071DEDC2E70074CEA0 /* Line.swift */,
			);
			name = Views;
			sourceTree = "<group>";
		};
		05FD1D5E1DE1630900736C1D /* Collapsing Presentation */ = {
			isa = PBXGroup;
			children = (
				051BAA581DCDE263008474BA /* CollapsingViewControllerAnimatedTransitioning.swift */,
			);
			name = "Collapsing Presentation";
			sourceTree = "<group>";
		};
		3C43DD488267C2DB7735847E /* Frameworks */ = {
			isa = PBXGroup;
			children = (
				053E0C7B1DB5D95000E0B9FC /* Pods_JodTung.framework */,
				F3454CB1778743E68FE708C0 /* Pods_JodTung.framework */,
				A2CE8A49E32E494B0C62D506 /* Pods_JodTungTests.framework */,
				AC784598F3A0F28DF1889C3C /* Pods_JodTungUITests.framework */,
			);
			name = Frameworks;
			sourceTree = "<group>";
		};
		85532B54C4845C77F21D57E0 /* Pods */ = {
			isa = PBXGroup;
			children = (
				EF90905546D6A4CA1CF85513 /* Pods-JodTung.debug.xcconfig */,
				17FFAE9CC9E2EE658417E8F1 /* Pods-JodTung.release.xcconfig */,
				686E2B6AB80DA2CF41321908 /* Pods-JodTungTests.debug.xcconfig */,
				9FF141CAB061E2853D1DBE22 /* Pods-JodTungTests.release.xcconfig */,
				70F6336C014B95B64C5E2A8F /* Pods-JodTungUITests.debug.xcconfig */,
				017BB3DE55D7643175D6F816 /* Pods-JodTungUITests.release.xcconfig */,
			);
			name = Pods;
			sourceTree = "<group>";
		};
		D732C0FE1DEC16510090EFF5 /* CategoryPickerView */ = {
			isa = PBXGroup;
			children = (
				D732C0FA1DEC0D2A0090EFF5 /* CategoryPickerView.xib */,
				D732C0F81DEBFC3E0090EFF5 /* CategoryPickerView.swift */,
				D776DDFF1DEEB8DF008F4DC4 /* CategoryGroupCollectionView.swift */,
				D776DE011DEEC7F9008F4DC4 /* CategoryCollectionView.swift */,
				D732C0FF1DEC1BA50090EFF5 /* CategoryGroupCollectionViewCell.xib */,
				05A3D5141DE400CE0086DA5C /* CategoryGroupCollectionViewCell.swift */,
				D732C1011DEC1D9E0090EFF5 /* CategoryCollectionViewCell.xib */,
				05A3D5191DE40A7D0086DA5C /* CategoryCollectionViewCell.swift */,
			);
			name = CategoryPickerView;
			sourceTree = "<group>";
		};
		D7E10D201DED733B00EF30BB /* Presenters */ = {
			isa = PBXGroup;
			children = (
				D7E10D211DED737E00EF30BB /* CalendarMonthViewControllerPresenter.swift */,
				D7E10D231DED7B5500EF30BB /* TransactionListViewControllerPresenter.swift */,
			);
			name = Presenters;
			sourceTree = "<group>";
		};
/* End PBXGroup section */

/* Begin PBXNativeTarget section */
		053593AC1DB37ACB00A7B508 /* JodTung */ = {
			isa = PBXNativeTarget;
			buildConfigurationList = 053593D51DB37ACB00A7B508 /* Build configuration list for PBXNativeTarget "JodTung" */;
			buildPhases = (
				8B1B1A71DB72A171FBF9D355 /* [CP] Check Pods Manifest.lock */,
				053593A91DB37ACB00A7B508 /* Sources */,
				053593AA1DB37ACB00A7B508 /* Frameworks */,
				053593AB1DB37ACB00A7B508 /* Resources */,
				28417B87A6FE6020E217BF15 /* [CP] Embed Pods Frameworks */,
				305E9623C9818F5D6377BB92 /* [CP] Copy Pods Resources */,
				0511C8371DD32F9F00457387 /* Embed Frameworks */,
			);
			buildRules = (
			);
			dependencies = (
			);
			name = JodTung;
			productName = JodTung;
			productReference = 053593AD1DB37ACB00A7B508 /* JodTung.app */;
			productType = "com.apple.product-type.application";
		};
		053593C01DB37ACB00A7B508 /* JodTungTests */ = {
			isa = PBXNativeTarget;
			buildConfigurationList = 053593D81DB37ACB00A7B508 /* Build configuration list for PBXNativeTarget "JodTungTests" */;
			buildPhases = (
				96166C4780459FF80EE59AE0 /* [CP] Check Pods Manifest.lock */,
				053593BD1DB37ACB00A7B508 /* Sources */,
				053593BE1DB37ACB00A7B508 /* Frameworks */,
				053593BF1DB37ACB00A7B508 /* Resources */,
				48A4945FEE86C2CDB549ED9E /* [CP] Embed Pods Frameworks */,
				826D00011A214E47824B67AC /* [CP] Copy Pods Resources */,
			);
			buildRules = (
			);
			dependencies = (
				053593C31DB37ACB00A7B508 /* PBXTargetDependency */,
			);
			name = JodTungTests;
			productName = JodTungTests;
			productReference = 053593C11DB37ACB00A7B508 /* JodTungTests.xctest */;
			productType = "com.apple.product-type.bundle.unit-test";
		};
		053593CB1DB37ACB00A7B508 /* JodTungUITests */ = {
			isa = PBXNativeTarget;
			buildConfigurationList = 053593DB1DB37ACB00A7B508 /* Build configuration list for PBXNativeTarget "JodTungUITests" */;
			buildPhases = (
				324ADA611982040E406B4922 /* [CP] Check Pods Manifest.lock */,
				053593C81DB37ACB00A7B508 /* Sources */,
				053593C91DB37ACB00A7B508 /* Frameworks */,
				053593CA1DB37ACB00A7B508 /* Resources */,
				2CF3848DE617C823C469C2EA /* [CP] Copy Pods Resources */,
				88F6DEE5BC26774653FABE98 /* [CP] Embed Pods Frameworks */,
			);
			buildRules = (
			);
			dependencies = (
				053593CE1DB37ACB00A7B508 /* PBXTargetDependency */,
			);
			name = JodTungUITests;
			productName = JodTungUITests;
			productReference = 053593CC1DB37ACB00A7B508 /* JodTungUITests.xctest */;
			productType = "com.apple.product-type.bundle.ui-testing";
		};
/* End PBXNativeTarget section */

/* Begin PBXProject section */
		053593A51DB37ACB00A7B508 /* Project object */ = {
			isa = PBXProject;
			attributes = {
				LastSwiftUpdateCheck = 0800;
				LastUpgradeCheck = 0810;
				ORGANIZATIONNAME = "Poldet Assanangkornchai";
				TargetAttributes = {
					053593AC1DB37ACB00A7B508 = {
						CreatedOnToolsVersion = 8.0;
						DevelopmentTeam = F6395XL53N;
						LastSwiftMigration = 0810;
						ProvisioningStyle = Automatic;
					};
					053593C01DB37ACB00A7B508 = {
						CreatedOnToolsVersion = 8.0;
						DevelopmentTeam = F6395XL53N;
						LastSwiftMigration = 0810;
						ProvisioningStyle = Automatic;
						TestTargetID = 053593AC1DB37ACB00A7B508;
					};
					053593CB1DB37ACB00A7B508 = {
						CreatedOnToolsVersion = 8.0;
						DevelopmentTeam = F6395XL53N;
						LastSwiftMigration = 0800;
						ProvisioningStyle = Automatic;
						TestTargetID = 053593AC1DB37ACB00A7B508;
					};
				};
			};
			buildConfigurationList = 053593A81DB37ACB00A7B508 /* Build configuration list for PBXProject "JodTung" */;
			compatibilityVersion = "Xcode 8.0";
			developmentRegion = English;
			hasScannedForEncodings = 0;
			knownRegions = (
				en,
				Base,
			);
			mainGroup = 053593A41DB37ACB00A7B508;
			productRefGroup = 053593AE1DB37ACB00A7B508 /* Products */;
			projectDirPath = "";
			projectRoot = "";
			targets = (
				053593AC1DB37ACB00A7B508 /* JodTung */,
				053593C01DB37ACB00A7B508 /* JodTungTests */,
				053593CB1DB37ACB00A7B508 /* JodTungUITests */,
			);
		};
/* End PBXProject section */

/* Begin PBXResourcesBuildPhase section */
		053593AB1DB37ACB00A7B508 /* Resources */ = {
			isa = PBXResourcesBuildPhase;
			buildActionMask = 2147483647;
			files = (
				D732C1441DEC4CF90090EFF5 /* CalendarWeekView.xib in Resources */,
				058723DC1DC0A2E900FEF676 /* ShadowedBlurVisualEffectView.xib in Resources */,
				053593BB1DB37ACB00A7B508 /* LaunchScreen.storyboard in Resources */,
				050411111DC1B2F9005D1EBB /* WeekHeaderView.xib in Resources */,
				053593B81DB37ACB00A7B508 /* Assets.xcassets in Resources */,
				053593B61DB37ACB00A7B508 /* Main.storyboard in Resources */,
				D732C1001DEC1BA50090EFF5 /* CategoryGroupCollectionViewCell.xib in Resources */,
				D732C1021DEC1D9E0090EFF5 /* CategoryCollectionViewCell.xib in Resources */,
				053E0C7E1DB606C000E0B9FC /* DayCellView.xib in Resources */,
				D732C0FB1DEC0D2A0090EFF5 /* CategoryPickerView.xib in Resources */,
				053E0C851DB6203000E0B9FC /* MonthSectionHeaderView.xib in Resources */,
			);
			runOnlyForDeploymentPostprocessing = 0;
		};
		053593BF1DB37ACB00A7B508 /* Resources */ = {
			isa = PBXResourcesBuildPhase;
			buildActionMask = 2147483647;
			files = (
			);
			runOnlyForDeploymentPostprocessing = 0;
		};
		053593CA1DB37ACB00A7B508 /* Resources */ = {
			isa = PBXResourcesBuildPhase;
			buildActionMask = 2147483647;
			files = (
			);
			runOnlyForDeploymentPostprocessing = 0;
		};
/* End PBXResourcesBuildPhase section */

/* Begin PBXShellScriptBuildPhase section */
		28417B87A6FE6020E217BF15 /* [CP] Embed Pods Frameworks */ = {
			isa = PBXShellScriptBuildPhase;
			buildActionMask = 2147483647;
			files = (
			);
			inputPaths = (
			);
			name = "[CP] Embed Pods Frameworks";
			outputPaths = (
			);
			runOnlyForDeploymentPostprocessing = 0;
			shellPath = /bin/sh;
			shellScript = "\"${SRCROOT}/Pods/Target Support Files/Pods-JodTung/Pods-JodTung-frameworks.sh\"\n";
			showEnvVarsInLog = 0;
		};
		2CF3848DE617C823C469C2EA /* [CP] Copy Pods Resources */ = {
			isa = PBXShellScriptBuildPhase;
			buildActionMask = 2147483647;
			files = (
			);
			inputPaths = (
			);
			name = "[CP] Copy Pods Resources";
			outputPaths = (
			);
			runOnlyForDeploymentPostprocessing = 0;
			shellPath = /bin/sh;
			shellScript = "\"${SRCROOT}/Pods/Target Support Files/Pods-JodTungUITests/Pods-JodTungUITests-resources.sh\"\n";
			showEnvVarsInLog = 0;
		};
		305E9623C9818F5D6377BB92 /* [CP] Copy Pods Resources */ = {
			isa = PBXShellScriptBuildPhase;
			buildActionMask = 2147483647;
			files = (
			);
			inputPaths = (
			);
			name = "[CP] Copy Pods Resources";
			outputPaths = (
			);
			runOnlyForDeploymentPostprocessing = 0;
			shellPath = /bin/sh;
			shellScript = "\"${SRCROOT}/Pods/Target Support Files/Pods-JodTung/Pods-JodTung-resources.sh\"\n";
			showEnvVarsInLog = 0;
		};
		324ADA611982040E406B4922 /* [CP] Check Pods Manifest.lock */ = {
			isa = PBXShellScriptBuildPhase;
			buildActionMask = 2147483647;
			files = (
			);
			inputPaths = (
			);
			name = "[CP] Check Pods Manifest.lock";
			outputPaths = (
			);
			runOnlyForDeploymentPostprocessing = 0;
			shellPath = /bin/sh;
			shellScript = "diff \"${PODS_ROOT}/../Podfile.lock\" \"${PODS_ROOT}/Manifest.lock\" > /dev/null\nif [ $? != 0 ] ; then\n    # print error to STDERR\n    echo \"error: The sandbox is not in sync with the Podfile.lock. Run 'pod install' or update your CocoaPods installation.\" >&2\n    exit 1\nfi\n";
			showEnvVarsInLog = 0;
		};
		48A4945FEE86C2CDB549ED9E /* [CP] Embed Pods Frameworks */ = {
			isa = PBXShellScriptBuildPhase;
			buildActionMask = 2147483647;
			files = (
			);
			inputPaths = (
			);
			name = "[CP] Embed Pods Frameworks";
			outputPaths = (
			);
			runOnlyForDeploymentPostprocessing = 0;
			shellPath = /bin/sh;
			shellScript = "\"${SRCROOT}/Pods/Target Support Files/Pods-JodTungTests/Pods-JodTungTests-frameworks.sh\"\n";
			showEnvVarsInLog = 0;
		};
		826D00011A214E47824B67AC /* [CP] Copy Pods Resources */ = {
			isa = PBXShellScriptBuildPhase;
			buildActionMask = 2147483647;
			files = (
			);
			inputPaths = (
			);
			name = "[CP] Copy Pods Resources";
			outputPaths = (
			);
			runOnlyForDeploymentPostprocessing = 0;
			shellPath = /bin/sh;
			shellScript = "\"${SRCROOT}/Pods/Target Support Files/Pods-JodTungTests/Pods-JodTungTests-resources.sh\"\n";
			showEnvVarsInLog = 0;
		};
		88F6DEE5BC26774653FABE98 /* [CP] Embed Pods Frameworks */ = {
			isa = PBXShellScriptBuildPhase;
			buildActionMask = 2147483647;
			files = (
			);
			inputPaths = (
			);
			name = "[CP] Embed Pods Frameworks";
			outputPaths = (
			);
			runOnlyForDeploymentPostprocessing = 0;
			shellPath = /bin/sh;
			shellScript = "\"${SRCROOT}/Pods/Target Support Files/Pods-JodTungUITests/Pods-JodTungUITests-frameworks.sh\"\n";
			showEnvVarsInLog = 0;
		};
		8B1B1A71DB72A171FBF9D355 /* [CP] Check Pods Manifest.lock */ = {
			isa = PBXShellScriptBuildPhase;
			buildActionMask = 2147483647;
			files = (
			);
			inputPaths = (
			);
			name = "[CP] Check Pods Manifest.lock";
			outputPaths = (
			);
			runOnlyForDeploymentPostprocessing = 0;
			shellPath = /bin/sh;
			shellScript = "diff \"${PODS_ROOT}/../Podfile.lock\" \"${PODS_ROOT}/Manifest.lock\" > /dev/null\nif [ $? != 0 ] ; then\n    # print error to STDERR\n    echo \"error: The sandbox is not in sync with the Podfile.lock. Run 'pod install' or update your CocoaPods installation.\" >&2\n    exit 1\nfi\n";
			showEnvVarsInLog = 0;
		};
		96166C4780459FF80EE59AE0 /* [CP] Check Pods Manifest.lock */ = {
			isa = PBXShellScriptBuildPhase;
			buildActionMask = 2147483647;
			files = (
			);
			inputPaths = (
			);
			name = "[CP] Check Pods Manifest.lock";
			outputPaths = (
			);
			runOnlyForDeploymentPostprocessing = 0;
			shellPath = /bin/sh;
			shellScript = "diff \"${PODS_ROOT}/../Podfile.lock\" \"${PODS_ROOT}/Manifest.lock\" > /dev/null\nif [ $? != 0 ] ; then\n    # print error to STDERR\n    echo \"error: The sandbox is not in sync with the Podfile.lock. Run 'pod install' or update your CocoaPods installation.\" >&2\n    exit 1\nfi\n";
			showEnvVarsInLog = 0;
		};
/* End PBXShellScriptBuildPhase section */

/* Begin PBXSourcesBuildPhase section */
		053593A91DB37ACB00A7B508 /* Sources */ = {
			isa = PBXSourcesBuildPhase;
			buildActionMask = 2147483647;
			files = (
				D77762081DEDC2E70074CEA0 /* Line.swift in Sources */,
				D7E10D241DED7B5500EF30BB /* TransactionListViewControllerPresenter.swift in Sources */,
				058472531DD3230700843C55 /* Transaction+CoreDataProperties.swift in Sources */,
				D732C0FD1DEC0DE70090EFF5 /* StoryboardView.swift in Sources */,
				05FEA7811DE0591400BD4252 /* TransactionInfoViewController.swift in Sources */,
				050397641DB5C8FA00D82B3D /* TransactionListViewController.swift in Sources */,
				D7E10D221DED737E00EF30BB /* CalendarMonthViewControllerPresenter.swift in Sources */,
				05F7E0BF1DDE9FC700379902 /* AccountBootstrapFactory.swift in Sources */,
				D776DE001DEEB8DF008F4DC4 /* CategoryGroupCollectionView.swift in Sources */,
				058472511DD3230700843C55 /* Category+CoreDataProperties.swift in Sources */,
				050411131DC1B405005D1EBB /* WeekHeaderView.swift in Sources */,
				05CFA4BE1DD6093F003FEA0A /* DataStorage.swift in Sources */,
				058472501DD3230700843C55 /* Category+CoreDataClass.swift in Sources */,
				05F545591DC0677A00045E7E /* View+HairlineShadow.swift in Sources */,
				058723DA1DC0A2A800FEF676 /* ShadowedBlurVisualEffectView.swift in Sources */,
				05EB3BEC1DB7198500E84B45 /* RoundedLabel.swift in Sources */,
				053593B11DB37ACB00A7B508 /* AppDelegate.swift in Sources */,
				0510E4E61DC9A903002EE2F2 /* UIStoryboard.swift in Sources */,
				058472521DD3230700843C55 /* Transaction+CoreDataClass.swift in Sources */,
				056246601DD9CBD000FB6C92 /* TransactionType.swift in Sources */,
				05CFFD811DC74C0000BC1DB8 /* CalendarNavigationController.swift in Sources */,
				053E0C831DB61D5700E0B9FC /* MonthSectionHeaderView.swift in Sources */,
				058472551DD3230700843C55 /* CategoryGroup+CoreDataProperties.swift in Sources */,
				05A3D5151DE400CE0086DA5C /* CategoryGroupCollectionViewCell.swift in Sources */,
				05FEA77C1DE022DF00BD4252 /* ExtendedTable.swift in Sources */,
				05FEA77F1DE0516400BD4252 /* StackViewControllerAnimatedTransitioning.swift in Sources */,
				05709CEE1DC89F9E00EADFD9 /* CalendarViewController.swift in Sources */,
				05F917341DB8C9B70032F54C /* CalendarMonthViewController.swift in Sources */,
				05A3D5131DE3FC100086DA5C /* UIViewController+ContentViewController.swift in Sources */,
				05A0DE0C1DE0908C00B4E04B /* StackPresentationController.swift in Sources */,
				05FEA77A1DE0140000BD4252 /* TransactionViewCell.swift in Sources */,
				D732C0F91DEBFC3E0090EFF5 /* CategoryPickerView.swift in Sources */,
				D732C1421DEC4BC10090EFF5 /* CalendarWeekView.swift in Sources */,
				05A3D51A1DE40A7D0086DA5C /* CategoryCollectionViewCell.swift in Sources */,
				053E0C801DB6070700E0B9FC /* DayCellView.swift in Sources */,
				05228ED01DBDC9D9008403B2 /* NavigationBar+Transparent.swift in Sources */,
				05F7E0C51DDEB7E100379902 /* Int+Random.swift in Sources */,
				D776DE021DEEC7F9008F4DC4 /* CategoryCollectionView.swift in Sources */,
				05F7E0C71DDEBB2A00379902 /* Array+RandomChild.swift in Sources */,
				051BAA591DCDE263008474BA /* CollapsingViewControllerAnimatedTransitioning.swift in Sources */,
				0510CD871DDDA8720008029A /* Accountant.swift in Sources */,
				05EA02B21DD31E5A00E9A498 /* Models.xcdatamodeld in Sources */,
				058472541DD3230700843C55 /* CategoryGroup+CoreDataClass.swift in Sources */,
			);
			runOnlyForDeploymentPostprocessing = 0;
		};
		053593BD1DB37ACB00A7B508 /* Sources */ = {
			isa = PBXSourcesBuildPhase;
			buildActionMask = 2147483647;
			files = (
				0510CD841DDDA7700008029A /* AccountantTests.swift in Sources */,
				05F7E0BD1DDE9DFD00379902 /* DataStorageTests.swift in Sources */,
				05F7E0C31DDEA1BA00379902 /* AccountBootstrapFactoryTests.swift in Sources */,
			);
			runOnlyForDeploymentPostprocessing = 0;
		};
		053593C81DB37ACB00A7B508 /* Sources */ = {
			isa = PBXSourcesBuildPhase;
			buildActionMask = 2147483647;
			files = (
				053593D11DB37ACB00A7B508 /* JodTungUITests.swift in Sources */,
			);
			runOnlyForDeploymentPostprocessing = 0;
		};
/* End PBXSourcesBuildPhase section */

/* Begin PBXTargetDependency section */
		053593C31DB37ACB00A7B508 /* PBXTargetDependency */ = {
			isa = PBXTargetDependency;
			target = 053593AC1DB37ACB00A7B508 /* JodTung */;
			targetProxy = 053593C21DB37ACB00A7B508 /* PBXContainerItemProxy */;
		};
		053593CE1DB37ACB00A7B508 /* PBXTargetDependency */ = {
			isa = PBXTargetDependency;
			target = 053593AC1DB37ACB00A7B508 /* JodTung */;
			targetProxy = 053593CD1DB37ACB00A7B508 /* PBXContainerItemProxy */;
		};
/* End PBXTargetDependency section */

/* Begin PBXVariantGroup section */
		053593B41DB37ACB00A7B508 /* Main.storyboard */ = {
			isa = PBXVariantGroup;
			children = (
				053593B51DB37ACB00A7B508 /* Base */,
			);
			name = Main.storyboard;
			sourceTree = "<group>";
		};
		053593B91DB37ACB00A7B508 /* LaunchScreen.storyboard */ = {
			isa = PBXVariantGroup;
			children = (
				053593BA1DB37ACB00A7B508 /* Base */,
			);
			name = LaunchScreen.storyboard;
			sourceTree = "<group>";
		};
/* End PBXVariantGroup section */

/* Begin XCBuildConfiguration section */
		053593D31DB37ACB00A7B508 /* Debug */ = {
			isa = XCBuildConfiguration;
			buildSettings = {
				ALWAYS_SEARCH_USER_PATHS = NO;
				CLANG_ANALYZER_NONNULL = YES;
				CLANG_CXX_LANGUAGE_STANDARD = "gnu++0x";
				CLANG_CXX_LIBRARY = "libc++";
				CLANG_ENABLE_MODULES = YES;
				CLANG_ENABLE_OBJC_ARC = YES;
				CLANG_WARN_BOOL_CONVERSION = YES;
				CLANG_WARN_CONSTANT_CONVERSION = YES;
				CLANG_WARN_DIRECT_OBJC_ISA_USAGE = YES_ERROR;
				CLANG_WARN_DOCUMENTATION_COMMENTS = YES;
				CLANG_WARN_EMPTY_BODY = YES;
				CLANG_WARN_ENUM_CONVERSION = YES;
				CLANG_WARN_INFINITE_RECURSION = YES;
				CLANG_WARN_INT_CONVERSION = YES;
				CLANG_WARN_OBJC_ROOT_CLASS = YES_ERROR;
				CLANG_WARN_SUSPICIOUS_MOVE = YES;
				CLANG_WARN_SUSPICIOUS_MOVES = YES;
				CLANG_WARN_UNREACHABLE_CODE = YES;
				CLANG_WARN__DUPLICATE_METHOD_MATCH = YES;
				"CODE_SIGN_IDENTITY[sdk=iphoneos*]" = "iPhone Developer";
				COPY_PHASE_STRIP = NO;
				DEBUG_INFORMATION_FORMAT = dwarf;
				ENABLE_STRICT_OBJC_MSGSEND = YES;
				ENABLE_TESTABILITY = YES;
				GCC_C_LANGUAGE_STANDARD = gnu99;
				GCC_DYNAMIC_NO_PIC = NO;
				GCC_NO_COMMON_BLOCKS = YES;
				GCC_OPTIMIZATION_LEVEL = 0;
				GCC_PREPROCESSOR_DEFINITIONS = (
					"DEBUG=1",
					"$(inherited)",
				);
				GCC_WARN_64_TO_32_BIT_CONVERSION = YES;
				GCC_WARN_ABOUT_RETURN_TYPE = YES_ERROR;
				GCC_WARN_UNDECLARED_SELECTOR = YES;
				GCC_WARN_UNINITIALIZED_AUTOS = YES_AGGRESSIVE;
				GCC_WARN_UNUSED_FUNCTION = YES;
				GCC_WARN_UNUSED_VARIABLE = YES;
				IPHONEOS_DEPLOYMENT_TARGET = 10.0;
				MTL_ENABLE_DEBUG_INFO = YES;
				ONLY_ACTIVE_ARCH = YES;
				SDKROOT = iphoneos;
				SWIFT_ACTIVE_COMPILATION_CONDITIONS = DEBUG;
				SWIFT_OPTIMIZATION_LEVEL = "-Onone";
				SWIFT_VERSION = 3.0;
				TARGETED_DEVICE_FAMILY = "1,2";
			};
			name = Debug;
		};
		053593D41DB37ACB00A7B508 /* Release */ = {
			isa = XCBuildConfiguration;
			buildSettings = {
				ALWAYS_SEARCH_USER_PATHS = NO;
				CLANG_ANALYZER_NONNULL = YES;
				CLANG_CXX_LANGUAGE_STANDARD = "gnu++0x";
				CLANG_CXX_LIBRARY = "libc++";
				CLANG_ENABLE_MODULES = YES;
				CLANG_ENABLE_OBJC_ARC = YES;
				CLANG_WARN_BOOL_CONVERSION = YES;
				CLANG_WARN_CONSTANT_CONVERSION = YES;
				CLANG_WARN_DIRECT_OBJC_ISA_USAGE = YES_ERROR;
				CLANG_WARN_DOCUMENTATION_COMMENTS = YES;
				CLANG_WARN_EMPTY_BODY = YES;
				CLANG_WARN_ENUM_CONVERSION = YES;
				CLANG_WARN_INFINITE_RECURSION = YES;
				CLANG_WARN_INT_CONVERSION = YES;
				CLANG_WARN_OBJC_ROOT_CLASS = YES_ERROR;
				CLANG_WARN_SUSPICIOUS_MOVE = YES;
				CLANG_WARN_SUSPICIOUS_MOVES = YES;
				CLANG_WARN_UNREACHABLE_CODE = YES;
				CLANG_WARN__DUPLICATE_METHOD_MATCH = YES;
				"CODE_SIGN_IDENTITY[sdk=iphoneos*]" = "iPhone Developer";
				COPY_PHASE_STRIP = NO;
				DEBUG_INFORMATION_FORMAT = "dwarf-with-dsym";
				ENABLE_NS_ASSERTIONS = NO;
				ENABLE_STRICT_OBJC_MSGSEND = YES;
				GCC_C_LANGUAGE_STANDARD = gnu99;
				GCC_NO_COMMON_BLOCKS = YES;
				GCC_WARN_64_TO_32_BIT_CONVERSION = YES;
				GCC_WARN_ABOUT_RETURN_TYPE = YES_ERROR;
				GCC_WARN_UNDECLARED_SELECTOR = YES;
				GCC_WARN_UNINITIALIZED_AUTOS = YES_AGGRESSIVE;
				GCC_WARN_UNUSED_FUNCTION = YES;
				GCC_WARN_UNUSED_VARIABLE = YES;
				IPHONEOS_DEPLOYMENT_TARGET = 10.0;
				MTL_ENABLE_DEBUG_INFO = NO;
				SDKROOT = iphoneos;
				SWIFT_OPTIMIZATION_LEVEL = "-Owholemodule";
				SWIFT_VERSION = 3.0;
				TARGETED_DEVICE_FAMILY = "1,2";
				VALIDATE_PRODUCT = YES;
			};
			name = Release;
		};
		053593D61DB37ACB00A7B508 /* Debug */ = {
			isa = XCBuildConfiguration;
			baseConfigurationReference = EF90905546D6A4CA1CF85513 /* Pods-JodTung.debug.xcconfig */;
			buildSettings = {
				ALWAYS_EMBED_SWIFT_STANDARD_LIBRARIES = YES;
				ASSETCATALOG_COMPILER_APPICON_NAME = AppIcon;
				CLANG_ENABLE_MODULES = YES;
				DEVELOPMENT_TEAM = F6395XL53N;
				INFOPLIST_FILE = JodTung/Info.plist;
				LD_RUNPATH_SEARCH_PATHS = "$(inherited) @executable_path/Frameworks";
				PRODUCT_BUNDLE_IDENTIFIER = bib.JodTung;
				PRODUCT_NAME = "$(TARGET_NAME)";
				SWIFT_OPTIMIZATION_LEVEL = "-Onone";
				SWIFT_VERSION = 3.0;
			};
			name = Debug;
		};
		053593D71DB37ACB00A7B508 /* Release */ = {
			isa = XCBuildConfiguration;
			baseConfigurationReference = 17FFAE9CC9E2EE658417E8F1 /* Pods-JodTung.release.xcconfig */;
			buildSettings = {
				ALWAYS_EMBED_SWIFT_STANDARD_LIBRARIES = YES;
				ASSETCATALOG_COMPILER_APPICON_NAME = AppIcon;
				CLANG_ENABLE_MODULES = YES;
				DEVELOPMENT_TEAM = F6395XL53N;
				INFOPLIST_FILE = JodTung/Info.plist;
				LD_RUNPATH_SEARCH_PATHS = "$(inherited) @executable_path/Frameworks";
				PRODUCT_BUNDLE_IDENTIFIER = bib.JodTung;
				PRODUCT_NAME = "$(TARGET_NAME)";
				SWIFT_VERSION = 3.0;
			};
			name = Release;
		};
		053593D91DB37ACB00A7B508 /* Debug */ = {
			isa = XCBuildConfiguration;
			baseConfigurationReference = 686E2B6AB80DA2CF41321908 /* Pods-JodTungTests.debug.xcconfig */;
			buildSettings = {
				ALWAYS_EMBED_SWIFT_STANDARD_LIBRARIES = "$(inherited)";
				BUNDLE_LOADER = "$(TEST_HOST)";
				CLANG_ENABLE_MODULES = YES;
				DEVELOPMENT_TEAM = F6395XL53N;
				INFOPLIST_FILE = JodTungTests/Info.plist;
				LD_RUNPATH_SEARCH_PATHS = "$(inherited) @executable_path/Frameworks @loader_path/Frameworks";
				PRODUCT_BUNDLE_IDENTIFIER = bib.JodTungTests;
				PRODUCT_NAME = "$(TARGET_NAME)";
				SWIFT_OPTIMIZATION_LEVEL = "-Onone";
				SWIFT_VERSION = 3.0;
				TEST_HOST = "$(BUILT_PRODUCTS_DIR)/JodTung.app/JodTung";
			};
			name = Debug;
		};
		053593DA1DB37ACB00A7B508 /* Release */ = {
			isa = XCBuildConfiguration;
			baseConfigurationReference = 9FF141CAB061E2853D1DBE22 /* Pods-JodTungTests.release.xcconfig */;
			buildSettings = {
				ALWAYS_EMBED_SWIFT_STANDARD_LIBRARIES = "$(inherited)";
				BUNDLE_LOADER = "$(TEST_HOST)";
				CLANG_ENABLE_MODULES = YES;
				DEVELOPMENT_TEAM = F6395XL53N;
				INFOPLIST_FILE = JodTungTests/Info.plist;
				LD_RUNPATH_SEARCH_PATHS = "$(inherited) @executable_path/Frameworks @loader_path/Frameworks";
				PRODUCT_BUNDLE_IDENTIFIER = bib.JodTungTests;
				PRODUCT_NAME = "$(TARGET_NAME)";
				SWIFT_VERSION = 3.0;
				TEST_HOST = "$(BUILT_PRODUCTS_DIR)/JodTung.app/JodTung";
			};
			name = Release;
		};
		053593DC1DB37ACB00A7B508 /* Debug */ = {
			isa = XCBuildConfiguration;
			baseConfigurationReference = 70F6336C014B95B64C5E2A8F /* Pods-JodTungUITests.debug.xcconfig */;
			buildSettings = {
				ALWAYS_EMBED_SWIFT_STANDARD_LIBRARIES = "$(inherited)";
				DEVELOPMENT_TEAM = F6395XL53N;
				INFOPLIST_FILE = JodTungUITests/Info.plist;
				LD_RUNPATH_SEARCH_PATHS = "$(inherited) @executable_path/Frameworks @loader_path/Frameworks";
				PRODUCT_BUNDLE_IDENTIFIER = bib.JodTungUITests;
				PRODUCT_NAME = "$(TARGET_NAME)";
				SWIFT_VERSION = 3.0;
				TEST_TARGET_NAME = JodTung;
			};
			name = Debug;
		};
		053593DD1DB37ACB00A7B508 /* Release */ = {
			isa = XCBuildConfiguration;
			baseConfigurationReference = 017BB3DE55D7643175D6F816 /* Pods-JodTungUITests.release.xcconfig */;
			buildSettings = {
				ALWAYS_EMBED_SWIFT_STANDARD_LIBRARIES = "$(inherited)";
				DEVELOPMENT_TEAM = F6395XL53N;
				INFOPLIST_FILE = JodTungUITests/Info.plist;
				LD_RUNPATH_SEARCH_PATHS = "$(inherited) @executable_path/Frameworks @loader_path/Frameworks";
				PRODUCT_BUNDLE_IDENTIFIER = bib.JodTungUITests;
				PRODUCT_NAME = "$(TARGET_NAME)";
				SWIFT_VERSION = 3.0;
				TEST_TARGET_NAME = JodTung;
			};
			name = Release;
		};
/* End XCBuildConfiguration section */

/* Begin XCConfigurationList section */
		053593A81DB37ACB00A7B508 /* Build configuration list for PBXProject "JodTung" */ = {
			isa = XCConfigurationList;
			buildConfigurations = (
				053593D31DB37ACB00A7B508 /* Debug */,
				053593D41DB37ACB00A7B508 /* Release */,
			);
			defaultConfigurationIsVisible = 0;
			defaultConfigurationName = Release;
		};
		053593D51DB37ACB00A7B508 /* Build configuration list for PBXNativeTarget "JodTung" */ = {
			isa = XCConfigurationList;
			buildConfigurations = (
				053593D61DB37ACB00A7B508 /* Debug */,
				053593D71DB37ACB00A7B508 /* Release */,
			);
			defaultConfigurationIsVisible = 0;
			defaultConfigurationName = Release;
		};
		053593D81DB37ACB00A7B508 /* Build configuration list for PBXNativeTarget "JodTungTests" */ = {
			isa = XCConfigurationList;
			buildConfigurations = (
				053593D91DB37ACB00A7B508 /* Debug */,
				053593DA1DB37ACB00A7B508 /* Release */,
			);
			defaultConfigurationIsVisible = 0;
			defaultConfigurationName = Release;
		};
		053593DB1DB37ACB00A7B508 /* Build configuration list for PBXNativeTarget "JodTungUITests" */ = {
			isa = XCConfigurationList;
			buildConfigurations = (
				053593DC1DB37ACB00A7B508 /* Debug */,
				053593DD1DB37ACB00A7B508 /* Release */,
			);
			defaultConfigurationIsVisible = 0;
			defaultConfigurationName = Release;
		};
/* End XCConfigurationList section */

/* Begin XCVersionGroup section */
		05EA02B01DD31E5A00E9A498 /* Models.xcdatamodeld */ = {
			isa = XCVersionGroup;
			children = (
				05EA02B11DD31E5A00E9A498 /* Models.xcdatamodel */,
			);
			currentVersion = 05EA02B11DD31E5A00E9A498 /* Models.xcdatamodel */;
			path = Models.xcdatamodeld;
			sourceTree = "<group>";
			versionGroupType = wrapper.xcdatamodel;
		};
/* End XCVersionGroup section */
	};
	rootObject = 053593A51DB37ACB00A7B508 /* Project object */;
}
